{
  "version": 4,
  "terraform_version": "1.14.9",
  "serial": 8,
  "lineage": "edd4b3e1-05cf-c793-5e6b-070c93d5eb32",
  "outputs": {
    "vpc_name": {
      "value": "wk7-vpc",
      "type": "string"
    }
  },
  "resources": [
    {
      "mode": "managed",
      "type": "google_compute_network",
      "name": "main",
      "provider": "provider[\"registry.terraform.io/hashicorp/google\"]",
      "instances": [
        {
          "schema_version": 0,
          "attributes": {
            "auto_create_subnetworks": false,
            "delete_default_routes_on_create": false,
            "description": "",
            "enable_ula_internal_ipv6": false,
            "gateway_ipv4": "",
            "id": "projects/theo-u/global/networks/wk7-vpc",
            "internal_ipv6_range": "",
            "mtu": 1460,
            "name": "wk7-vpc",
            "network_firewall_policy_enforcement_order": "AFTER_CLASSIC_FIREWALL",
            "numeric_id": "994919534993300753",
            "project": "theo-u",
            "routing_mode": "REGIONAL",
            "self_link": "https://www.googleapis.com/compute/v1/projects/theo-u/global/networks/wk7-vpc",
            "timeouts": null
          },
          "sensitive_attributes": [],
          "identity_schema_version": 0,
          "private": "eyJlMmJmYjczMC1lY2FhLTExZTYtOGY4OC0zNDM2M2JjN2M0YzAiOnsiY3JlYXRlIjoxMjAwMDAwMDAwMDAwLCJkZWxldGUiOjEyMDAwMDAwMDAwMDAsInVwZGF0ZSI6MTIwMDAwMDAwMDAwMH19",
          "dependencies": [
            "google_project_service.compute",
            "google_project_service.container"
          ]
        }
      ]
    },
    {
      "mode": "managed",
      "type": "google_project_service",
      "name": "compute",
      "provider": "provider[\"registry.terraform.io/hashicorp/google\"]",
      "instances": [
        {
          "schema_version": 0,
          "attributes": {
            "disable_dependent_services": null,
            "disable_on_destroy": false,
            "id": "theo-u/compute.googleapis.com",
            "project": "theo-u",
            "service": "compute.googleapis.com",
            "timeouts": null
          },
          "sensitive_attributes": [],
          "identity_schema_version": 0,
          "private": "eyJlMmJmYjczMC1lY2FhLTExZTYtOGY4OC0zNDM2M2JjN2M0YzAiOnsiY3JlYXRlIjoxMjAwMDAwMDAwMDAwLCJkZWxldGUiOjEyMDAwMDAwMDAwMDAsInJlYWQiOjYwMDAwMDAwMDAwMCwidXBkYXRlIjoxMjAwMDAwMDAwMDAwfX0="
        }
      ]
    },
    {
      "mode": "managed",
      "type": "google_project_service",
      "name": "container",
      "provider": "provider[\"registry.terraform.io/hashicorp/google\"]",
      "instances": [
        {
          "schema_version": 0,
          "attributes": {
            "disable_dependent_services": null,
            "disable_on_destroy": false,
            "id": "theo-u/container.googleapis.com",
            "project": "theo-u",
            "service": "container.googleapis.com",
            "timeouts": null
          },
          "sensitive_attributes": [],
          "identity_schema_version": 0,
          "private": "eyJlMmJmYjczMC1lY2FhLTExZTYtOGY4OC0zNDM2M2JjN2M0YzAiOnsiY3JlYXRlIjoxMjAwMDAwMDAwMDAwLCJkZWxldGUiOjEyMDAwMDAwMDAwMDAsInJlYWQiOjYwMDAwMDAwMDAwMCwidXBkYXRlIjoxMjAwMDAwMDAwMDAwfX0="
        }
      ]
    },
    {
      "mode": "managed",
      "type": "local_file",
      "name": "food_text",
      "provider": "provider[\"registry.terraform.io/hashicorp/local\"]",
      "instances": [
        {
          "schema_version": 0,
          "attributes": {
            "content": "I do love pizza! Especially meat lovers pizza with extra cheese.",
            "content_base64": null,
            "content_base64sha256": "DGlmVeB3U2PAKtyRuoPXJJfAcoggc52QBCKpeqEf3fg=",
            "content_base64sha512": "skmwdAD4lNqEb6/i2iFGWj1HvR9IIsUXHVHkZaT9PSzlNnEdwBfhIn3TDunS8m8yGBI7G4cWiYnqkGivoUU2Wg==",
            "content_md5": "cce8e137817f431b426b596016e46783",
            "content_sha1": "06c42883df39f21ef994aa6aa2b69d10f74f8c67",
            "content_sha256": "0c696655e0775363c02adc91ba83d72497c0728820739d900422a97aa11fddf8",
            "content_sha512": "b249b07400f894da846fafe2da21465a3d47bd1f4822c5171d51e465a4fd3d2ce536711dc017e1227dd30ee9d2f26f3218123b1b87168989ea9068afa145365a",
            "directory_permission": "0777",
            "file_permission": "0777",
            "filename": "./food.txt",
            "id": "06c42883df39f21ef994aa6aa2b69d10f74f8c67",
            "sensitive_content": null,
            "source": null
          },
          "sensitive_attributes": [
            [
              {
                "type": "get_attr",
                "value": "sensitive_content"
              }
            ]
          ],
          "identity_schema_version": 0
        }
      ]
    }
  ],
  "check_results": null
}
